
Microsoft Visual Studio Solution File, Format Version 12.00
# Visual Studio Version 16
VisualStudioVersion = 16.0.31321.278
MinimumVisualStudioVersion = 10.0.40219.1
Project("{FAE04EC0-301F-11D3-BF4B-00C04F79EFBC}") = "Dota", "Dota\Dota.csproj", "{B70785C4-83AB-4E6A-B773-983F6E9569C6}"
EndProject
Project("{FAE04EC0-301F-11D3-BF4B-00C04F79EFBC}") = "Entites", "Entites\Entites.csproj", "{75907BEF-C7F6-484C-8AF5-910FB4E19E25}"
EndProject
Global
	GlobalSection(SolutionConfigurationPlatforms) = preSolution
		Debug|Any CPU = Debug|Any CPU
		Release|Any CPU = Release|Any CPU
	EndGlobalSection
	GlobalSection(ProjectConfigurationPlatforms) = postSolution
		{B70785C4-83AB-4E6A-B773-983F6E9569C6}.Debug|Any CPU.ActiveCfg = Debug|Any CPU
		{B70785C4-83AB-4E6A-B773-983F6E9569C6}.Debug|Any CPU.Build.0 = Debug|Any CPU
		{B70785C4-83AB-4E6A-B773-983F6E9569C6}.Release|Any CPU.ActiveCfg = Release|Any CPU
		{B70785C4-83AB-4E6A-B773-983F6E9569C6}.Release|Any CPU.Build.0 = Release|Any CPU
		{75907BEF-C7F6-484C-8AF5-910FB4E19E25}.Debug|Any CPU.ActiveCfg = Debug|Any CPU
		{75907BEF-C7F6-484C-8AF5-910FB4E19E25}.Debug|Any CPU.Build.0 = Debug|Any CPU
		{75907BEF-C7F6-484C-8AF5-910FB4E19E25}.Release|Any CPU.ActiveCfg = Release|Any CPU
		{75907BEF-C7F6-484C-8AF5-910FB4E19E25}.Release|Any CPU.Build.0 = Release|Any CPU
	EndGlobalSection
	GlobalSection(SolutionProperties) = preSolution
		HideSolutionNode = FALSE
	EndGlobalSection
	GlobalSection(ExtensibilityGlobals) = postSolution
		SolutionGuid = {F7F7635B-F0BD-4A76-BB1A-652DE080337E}
	EndGlobalSection
EndGlobal
